
Microsoft Visual Studio Solution File, Format Version 12.00
# Visual Studio Version 17
VisualStudioVersion = 17.1.32421.90
MinimumVisualStudioVersion = 10.0.40219.1
Project("{9A19103F-16F7-4668-BE54-9A1E7A4F7556}") = "Genesis.Commons", "Genesis.Commons\Genesis.Commons.csproj", "{DFAABA21-B915-4F43-9EB6-C91512C3D3CD}"
EndProject
Project("{9A19103F-16F7-4668-BE54-9A1E7A4F7556}") = "Genesis.Console", "Genesis.Console\Genesis.Console.csproj", "{FB6A82C3-B75A-4536-BA16-3603EE876122}"
EndProject
Project("{FAE04EC0-301F-11D3-BF4B-00C04F79EFBC}") = "Genesis.Sync", "Genesis.Sync\Genesis.Sync.csproj", "{443B14C5-B733-490B-8CCB-19F5AD733917}"
EndProject
Global
	GlobalSection(SolutionConfigurationPlatforms) = preSolution
		Debug|Any CPU = Debug|Any CPU
		Release|Any CPU = Release|Any CPU
	EndGlobalSection
	GlobalSection(ProjectConfigurationPlatforms) = postSolution
		{DFAABA21-B915-4F43-9EB6-C91512C3D3CD}.Debug|Any CPU.ActiveCfg = Debug|Any CPU
		{DFAABA21-B915-4F43-9EB6-C91512C3D3CD}.Debug|Any CPU.Build.0 = Debug|Any CPU
		{DFAABA21-B915-4F43-9EB6-C91512C3D3CD}.Release|Any CPU.ActiveCfg = Release|Any CPU
		{DFAABA21-B915-4F43-9EB6-C91512C3D3CD}.Release|Any CPU.Build.0 = Release|Any CPU
		{FB6A82C3-B75A-4536-BA16-3603EE876122}.Debug|Any CPU.ActiveCfg = Debug|Any CPU
		{FB6A82C3-B75A-4536-BA16-3603EE876122}.Debug|Any CPU.Build.0 = Debug|Any CPU
		{FB6A82C3-B75A-4536-BA16-3603EE876122}.Release|Any CPU.ActiveCfg = Release|Any CPU
		{FB6A82C3-B75A-4536-BA16-3603EE876122}.Release|Any CPU.Build.0 = Release|Any CPU
		{443B14C5-B733-490B-8CCB-19F5AD733917}.Debug|Any CPU.ActiveCfg = Debug|Any CPU
		{443B14C5-B733-490B-8CCB-19F5AD733917}.Debug|Any CPU.Build.0 = Debug|Any CPU
		{443B14C5-B733-490B-8CCB-19F5AD733917}.Release|Any CPU.ActiveCfg = Release|Any CPU
		{443B14C5-B733-490B-8CCB-19F5AD733917}.Release|Any CPU.Build.0 = Release|Any CPU
	EndGlobalSection
	GlobalSection(SolutionProperties) = preSolution
		HideSolutionNode = FALSE
	EndGlobalSection
	GlobalSection(ExtensibilityGlobals) = postSolution
		SolutionGuid = {A07130CF-05DA-4A18-A25D-CBE7A8F78516}
	EndGlobalSection
EndGlobal
